Microsoft Visual Studio Solution File, Format Version 12.00
# Visual Studio Version 17
VisualStudioVersion = 17.11.35222.181
MinimumVisualStudioVersion = 10.0.40219.1
Project("{9A19103F-16F7-4668-BE54-9A1E7A4F7556}") = "TaskManagement.Api", "TaskManagement.Api\TaskManagement.Api.csproj", "{77EFD1CA-EF1F-4A39-9ED8-D6246ED79EF0}"
EndProject
Project("{9A19103F-16F7-4668-BE54-9A1E7A4F7556}") = "TaskManagement.Api.Tests", "TaskManagement.Api.Tests\TaskManagement.Api.Tests.csproj", "{C5604885-2A18-4FB9-BA53-E6CA5E79B2DB}"
EndProject
Global
	GlobalSection(SolutionConfigurationPlatforms) = preSolution
		Debug|Any CPU = Debug|Any CPU
		Release|Any CPU = Release|Any CPU
	EndGlobalSection
	GlobalSection(ProjectConfigurationPlatforms) = postSolution
		{77EFD1CA-EF1F-4A39-9ED8-D6246ED79EF0}.Debug|Any CPU.ActiveCfg = Debug|Any CPU
		{77EFD1CA-EF1F-4A39-9ED8-D6246ED79EF0}.Debug|Any CPU.Build.0 = Debug|Any CPU
		{77EFD1CA-EF1F-4A39-9ED8-D6246ED79EF0}.Release|Any CPU.ActiveCfg = Release|Any CPU
		{77EFD1CA-EF1F-4A39-9ED8-D6246ED79EF0}.Release|Any CPU.Build.0 = Release|Any CPU
		{C5604885-2A18-4FB9-BA53-E6CA5E79B2DB}.Debug|Any CPU.ActiveCfg = Debug|Any CPU
		{C5604885-2A18-4FB9-BA53-E6CA5E79B2DB}.Debug|Any CPU.Build.0 = Debug|Any CPU
		{C5604885-2A18-4FB9-BA53-E6CA5E79B2DB}.Release|Any CPU.ActiveCfg = Release|Any CPU
		{C5604885-2A18-4FB9-BA53-E6CA5E79B2DB}.Release|Any CPU.Build.0 = Release|Any CPU
	EndGlobalSection
	GlobalSection(SolutionProperties) = preSolution
		HideSolutionNode = FALSE
	EndGlobalSection
EndGlobal
